// !$*UTF8*$!
{
	archiveVersion = 1;
	classes = {
	};
	objectVersion = 50;
	objects = {

/* Begin PBXBuildFile section */
		8649F554259DCB000011D907 /* AppDelegate.swift in Sources */ = {isa = PBXBuildFile; fileRef = 8649F553259DCB000011D907 /* AppDelegate.swift */; };
		8649F556259DCB000011D907 /* SceneDelegate.swift in Sources */ = {isa = PBXBuildFile; fileRef = 8649F555259DCB000011D907 /* SceneDelegate.swift */; };
		8649F558259DCB000011D907 /* ViewController.swift in Sources */ = {isa = PBXBuildFile; fileRef = 8649F557259DCB000011D907 /* ViewController.swift */; };
		8649F55B259DCB000011D907 /* Main.storyboard in Resources */ = {isa = PBXBuildFile; fileRef = 8649F559259DCB000011D907 /* Main.storyboard */; };
		8649F55D259DCB010011D907 /* Assets.xcassets in Resources */ = {isa = PBXBuildFile; fileRef = 8649F55C259DCB010011D907 /* Assets.xcassets */; };
		8649F560259DCB010011D907 /* LaunchScreen.storyboard in Resources */ = {isa = PBXBuildFile; fileRef = 8649F55E259DCB010011D907 /* LaunchScreen.storyboard */; };
		8649F58A259DCC7A0011D907 /* 2850665_1.jpg in Resources */ = {isa = PBXBuildFile; fileRef = 8649F589259DCC7A0011D907 /* 2850665_1.jpg */; };
		8649F58F259DCCFD0011D907 /* allen-iverson-1.jpg in Resources */ = {isa = PBXBuildFile; fileRef = 8649F58E259DCCFD0011D907 /* allen-iverson-1.jpg */; };
/* End PBXBuildFile section */

/* Begin PBXContainerItemProxy section */
		8649F567259DCB020011D907 /* PBXContainerItemProxy */ = {
			isa = PBXContainerItemProxy;
			containerPortal = 8649F548259DCB000011D907 /* Project object */;
			proxyType = 1;
			remoteGlobalIDString = 8649F54F259DCB000011D907;
			remoteInfo = exercise_2.3;
		};
		8649F572259DCB020011D907 /* PBXContainerItemProxy */ = {
			isa = PBXContainerItemProxy;
			containerPortal = 8649F548259DCB000011D907 /* Project object */;
			proxyType = 1;
			remoteGlobalIDString = 8649F54F259DCB000011D907;
			remoteInfo = exercise_2.3;
		};
/* End PBXContainerItemProxy section */

/* Begin PBXFileReference section */
		8649F550259DCB000011D907 /* exercise_2.3.app */ = {isa = PBXFileReference; explicitFileType = wrapper.application; includeInIndex = 0; path = exercise_2.3.app; sourceTree = BUILT_PRODUCTS_DIR; };
		8649F553259DCB000011D907 /* AppDelegate.swift */ = {isa = PBXFileReference; lastKnownFileType = sourcecode.swift; path = AppDelegate.swift; sourceTree = "<group>"; };
		8649F555259DCB000011D907 /* SceneDelegate.swift */ = {isa = PBXFileReference; lastKnownFileType = sourcecode.swift; path = SceneDelegate.swift; sourceTree = "<group>"; };
		8649F557259DCB000011D907 /* ViewController.swift */ = {isa = PBXFileReference; lastKnownFileType = sourcecode.swift; path = ViewController.swift; sourceTree = "<group>"; };
		8649F55A259DCB000011D907 /* Base */ = {isa = PBXFileReference; lastKnownFileType = file.storyboard; name = Base; path = Base.lproj/Main.storyboard; sourceTree = "<group>"; };
		8649F55C259DCB010011D907 /* Assets.xcassets */ = {isa = PBXFileReference; lastKnownFileType = folder.assetcatalog; path = Assets.xcassets; sourceTree = "<group>"; };
		8649F55F259DCB010011D907 /* Base */ = {isa = PBXFileReference; lastKnownFileType = file.storyboard; name = Base; path = Base.lproj/LaunchScreen.storyboard; sourceTree = "<group>"; };
		8649F561259DCB010011D907 /* Info.plist */ = {isa = PBXFileReference; lastKnownFileType = text.plist.xml; path = Info.plist; sourceTree = "<group>"; };
		8649F566259DCB020011D907 /* exercise_2.3Tests.xctest */ = {isa = PBXFileReference; explicitFileType = wrapper.cfbundle; includeInIndex = 0; path = exercise_2.3Tests.xctest; sourceTree = BUILT_PRODUCTS_DIR; };
		8649F571259DCB020011D907 /* exercise_2.3UITests.xctest */ = {isa = PBXFileReference; explicitFileType = wrapper.cfbundle; includeInIndex = 0; path = exercise_2.3UITests.xctest; sourceTree = BUILT_PRODUCTS_DIR; };
		8649F589259DCC7A0011D907 /* 2850665_1.jpg */ = {isa = PBXFileReference; lastKnownFileType = image.jpeg; name = 2850665_1.jpg; path = Assets.xcassets/2850665_1.jpg; sourceTree = "<group>"; };
		8649F58E259DCCFD0011D907 /* allen-iverson-1.jpg */ = {isa = PBXFileReference; lastKnownFileType = image.jpeg; path = "allen-iverson-1.jpg"; sourceTree = "<group>"; };
/* End PBXFileReference section */

/* Begin PBXFrameworksBuildPhase section */
		8649F54D259DCB000011D907 /* Frameworks */ = {
			isa = PBXFrameworksBuildPhase;
			buildActionMask = 2147483647;
			files = (
			);
			runOnlyForDeploymentPostprocessing = 0;
		};
		8649F563259DCB020011D907 /* Frameworks */ = {
			isa = PBXFrameworksBuildPhase;
			buildActionMask = 2147483647;
			files = (
			);
			runOnlyForDeploymentPostprocessing = 0;
		};
		8649F56E259DCB020011D907 /* Frameworks */ = {
			isa = PBXFrameworksBuildPhase;
			buildActionMask = 2147483647;
			files = (
			);
			runOnlyForDeploymentPostprocessing = 0;
		};
/* End PBXFrameworksBuildPhase section */

/* Begin PBXGroup section */
		8649F547259DCB000011D907 = {
			isa = PBXGroup;
			children = (
				8649F552259DCB000011D907 /* exercise_2.3 */,
				8649F551259DCB000011D907 /* Products */,
			);
			sourceTree = "<group>";
		};
		8649F551259DCB000011D907 /* Products */ = {
			isa = PBXGroup;
			children = (
				8649F550259DCB000011D907 /* exercise_2.3.app */,
				8649F566259DCB020011D907 /* exercise_2.3Tests.xctest */,
				8649F571259DCB020011D907 /* exercise_2.3UITests.xctest */,
			);
			name = Products;
			sourceTree = "<group>";
		};
		8649F552259DCB000011D907 /* exercise_2.3 */ = {
			isa = PBXGroup;
			children = (
				8649F58E259DCCFD0011D907 /* allen-iverson-1.jpg */,
				8649F553259DCB000011D907 /* AppDelegate.swift */,
				8649F555259DCB000011D907 /* SceneDelegate.swift */,
				8649F557259DCB000011D907 /* ViewController.swift */,
				8649F559259DCB000011D907 /* Main.storyboard */,
				8649F589259DCC7A0011D907 /* 2850665_1.jpg */,
				8649F55C259DCB010011D907 /* Assets.xcassets */,
				8649F55E259DCB010011D907 /* LaunchScreen.storyboard */,
				8649F561259DCB010011D907 /* Info.plist */,
			);
			path = exercise_2.3;
			sourceTree = "<group>";
		};
/* End PBXGroup section */

/* Begin PBXNativeTarget section */
		8649F54F259DCB000011D907 /* exercise_2.3 */ = {
			isa = PBXNativeTarget;
			buildConfigurationList = 8649F57A259DCB020011D907 /* Build configuration list for PBXNativeTarget "exercise_2.3" */;
			buildPhases = (
				8649F54C259DCB000011D907 /* Sources */,
				8649F54D259DCB000011D907 /* Frameworks */,
				8649F54E259DCB000011D907 /* Resources */,
			);
			buildRules = (
			);
			dependencies = (
			);
			name = exercise_2.3;
			productName = exercise_2.3;
			productReference = 8649F550259DCB000011D907 /* exercise_2.3.app */;
			productType = "com.apple.product-type.application";
		};
		8649F565259DCB020011D907 /* exercise_2.3Tests */ = {
			isa = PBXNativeTarget;
			buildConfigurationList = 8649F57D259DCB020011D907 /* Build configuration list for PBXNativeTarget "exercise_2.3Tests" */;
			buildPhases = (
				8649F562259DCB020011D907 /* Sources */,
				8649F563259DCB020011D907 /* Frameworks */,
				8649F564259DCB020011D907 /* Resources */,
			);
			buildRules = (
			);
			dependencies = (
				8649F568259DCB020011D907 /* PBXTargetDependency */,
			);
			name = exercise_2.3Tests;
			productName = exercise_2.3Tests;
			productReference = 8649F566259DCB020011D907 /* exercise_2.3Tests.xctest */;
			productType = "com.apple.product-type.bundle.unit-test";
		};
		8649F570259DCB020011D907 /* exercise_2.3UITests */ = {
			isa = PBXNativeTarget;
			buildConfigurationList = 8649F580259DCB020011D907 /* Build configuration list for PBXNativeTarget "exercise_2.3UITests" */;
			buildPhases = (
				8649F56D259DCB020011D907 /* Sources */,
				8649F56E259DCB020011D907 /* Frameworks */,
				8649F56F259DCB020011D907 /* Resources */,
			);
			buildRules = (
			);
			dependencies = (
				8649F573259DCB020011D907 /* PBXTargetDependency */,
			);
			name = exercise_2.3UITests;
			productName = exercise_2.3UITests;
			productReference = 8649F571259DCB020011D907 /* exercise_2.3UITests.xctest */;
			productType = "com.apple.product-type.bundle.ui-testing";
		};
/* End PBXNativeTarget section */

/* Begin PBXProject section */
		8649F548259DCB000011D907 /* Project object */ = {
			isa = PBXProject;
			attributes = {
				LastSwiftUpdateCheck = 1230;
				LastUpgradeCheck = 1230;
				TargetAttributes = {
					8649F54F259DCB000011D907 = {
						CreatedOnToolsVersion = 12.3;
					};
					8649F565259DCB020011D907 = {
						CreatedOnToolsVersion = 12.3;
						TestTargetID = 8649F54F259DCB000011D907;
					};
					8649F570259DCB020011D907 = {
						CreatedOnToolsVersion = 12.3;
						TestTargetID = 8649F54F259DCB000011D907;
					};
				};
			};
			buildConfigurationList = 8649F54B259DCB000011D907 /* Build configuration list for PBXProject "exercise_2.3" */;
			compatibilityVersion = "Xcode 9.3";
			developmentRegion = en;
			hasScannedForEncodings = 0;
			knownRegions = (
				en,
				Base,
			);
			mainGroup = 8649F547259DCB000011D907;
			productRefGroup = 8649F551259DCB000011D907 /* Products */;
			projectDirPath = "";
			projectRoot = "";
			targets = (
				8649F54F259DCB000011D907 /* exercise_2.3 */,
				8649F565259DCB020011D907 /* exercise_2.3Tests */,
				8649F570259DCB020011D907 /* exercise_2.3UITests */,
			);
		};
/* End PBXProject section */

/* Begin PBXResourcesBuildPhase section */
		8649F54E259DCB000011D907 /* Resources */ = {
			isa = PBXResourcesBuildPhase;
			buildActionMask = 2147483647;
			files = (
				8649F58A259DCC7A0011D907 /* 2850665_1.jpg in Resources */,
				8649F58F259DCCFD0011D907 /* allen-iverson-1.jpg in Resources */,
				8649F560259DCB010011D907 /* LaunchScreen.storyboard in Resources */,
				8649F55D259DCB010011D907 /* Assets.xcassets in Resources */,
				8649F55B259DCB000011D907 /* Main.storyboard in Resources */,
			);
			runOnlyForDeploymentPostprocessing = 0;
		};
		8649F564259DCB020011D907 /* Resources */ = {
			isa = PBXResourcesBuildPhase;
			buildActionMask = 2147483647;
			files = (
			);
			runOnlyForDeploymentPostprocessing = 0;
		};
		8649F56F259DCB020011D907 /* Resources */ = {
			isa = PBXResourcesBuildPhase;
			buildActionMask = 2147483647;
			files = (
			);
			runOnlyForDeploymentPostprocessing = 0;
		};
/* End PBXResourcesBuildPhase section */

/* Begin PBXSourcesBuildPhase section */
		8649F54C259DCB000011D907 /* Sources */ = {
			isa = PBXSourcesBuildPhase;
			buildActionMask = 2147483647;
			files = (
				8649F558259DCB000011D907 /* ViewController.swift in Sources */,
				8649F554259DCB000011D907 /* AppDelegate.swift in Sources */,
				8649F556259DCB000011D907 /* SceneDelegate.swift in Sources */,
			);
			runOnlyForDeploymentPostprocessing = 0;
		};
		8649F562259DCB020011D907 /* Sources */ = {
			isa = PBXSourcesBuildPhase;
			buildActionMask = 2147483647;
			files = (
			);
			runOnlyForDeploymentPostprocessing = 0;
		};
		8649F56D259DCB020011D907 /* Sources */ = {
			isa = PBXSourcesBuildPhase;
			buildActionMask = 2147483647;
			files = (
			);
			runOnlyForDeploymentPostprocessing = 0;
		};
/* End PBXSourcesBuildPhase section */

/* Begin PBXTargetDependency section */
		8649F568259DCB020011D907 /* PBXTargetDependency */ = {
			isa = PBXTargetDependency;
			target = 8649F54F259DCB000011D907 /* exercise_2.3 */;
			targetProxy = 8649F567259DCB020011D907 /* PBXContainerItemProxy */;
		};
		8649F573259DCB020011D907 /* PBXTargetDependency */ = {
			isa = PBXTargetDependency;
			target = 8649F54F259DCB000011D907 /* exercise_2.3 */;
			targetProxy = 8649F572259DCB020011D907 /* PBXContainerItemProxy */;
		};
/* End PBXTargetDependency section */

/* Begin PBXVariantGroup section */
		8649F559259DCB000011D907 /* Main.storyboard */ = {
			isa = PBXVariantGroup;
			children = (
				8649F55A259DCB000011D907 /* Base */,
			);
			name = Main.storyboard;
			sourceTree = "<group>";
		};
		8649F55E259DCB010011D907 /* LaunchScreen.storyboard */ = {
			isa = PBXVariantGroup;
			children = (
				8649F55F259DCB010011D907 /* Base */,
			);
			name = LaunchScreen.storyboard;
			sourceTree = "<group>";
		};
/* End PBXVariantGroup section */

/* Begin XCBuildConfiguration section */
		8649F578259DCB020011D907 /* Debug */ = {
			isa = XCBuildConfiguration;
			buildSettings = {
				ALWAYS_SEARCH_USER_PATHS = NO;
				CLANG_ANALYZER_NONNULL = YES;
				CLANG_ANALYZER_NUMBER_OBJECT_CONVERSION = YES_AGGRESSIVE;
				CLANG_CXX_LANGUAGE_STANDARD = "gnu++14";
				CLANG_CXX_LIBRARY = "libc++";
				CLANG_ENABLE_MODULES = YES;
				CLANG_ENABLE_OBJC_ARC = YES;
				CLANG_ENABLE_OBJC_WEAK = YES;
				CLANG_WARN_BLOCK_CAPTURE_AUTORELEASING = YES;
				CLANG_WARN_BOOL_CONVERSION = YES;
				CLANG_WARN_COMMA = YES;
				CLANG_WARN_CONSTANT_CONVERSION = YES;
				CLANG_WARN_DEPRECATED_OBJC_IMPLEMENTATIONS = YES;
				CLANG_WARN_DIRECT_OBJC_ISA_USAGE = YES_ERROR;
				CLANG_WARN_DOCUMENTATION_COMMENTS = YES;
				CLANG_WARN_EMPTY_BODY = YES;
				CLANG_WARN_ENUM_CONVERSION = YES;
				CLANG_WARN_INFINITE_RECURSION = YES;
				CLANG_WARN_INT_CONVERSION = YES;
				CLANG_WARN_NON_LITERAL_NULL_CONVERSION = YES;
				CLANG_WARN_OBJC_IMPLICIT_RETAIN_SELF = YES;
				CLANG_WARN_OBJC_LITERAL_CONVERSION = YES;
				CLANG_WARN_OBJC_ROOT_CLASS = YES_ERROR;
				CLANG_WARN_QUOTED_INCLUDE_IN_FRAMEWORK_HEADER = YES;
				CLANG_WARN_RANGE_LOOP_ANALYSIS = YES;
				CLANG_WARN_STRICT_PROTOTYPES = YES;
				CLANG_WARN_SUSPICIOUS_MOVE = YES;
				CLANG_WARN_UNGUARDED_AVAILABILITY = YES_AGGRESSIVE;
				CLANG_WARN_UNREACHABLE_CODE = YES;
				CLANG_WARN__DUPLICATE_METHOD_MATCH = YES;
				COPY_PHASE_STRIP = NO;
				DEBUG_INFORMATION_FORMAT = dwarf;
				ENABLE_STRICT_OBJC_MSGSEND = YES;
				ENABLE_TESTABILITY = YES;
				GCC_C_LANGUAGE_STANDARD = gnu11;
				GCC_DYNAMIC_NO_PIC = NO;
				GCC_NO_COMMON_BLOCKS = YES;
				GCC_OPTIMIZATION_LEVEL = 0;
				GCC_PREPROCESSOR_DEFINITIONS = (
					"DEBUG=1",
					"$(inherited)",
				);
				GCC_WARN_64_TO_32_BIT_CONVERSION = YES;
				GCC_WARN_ABOUT_RETURN_TYPE = YES_ERROR;
				GCC_WARN_UNDECLARED_SELECTOR = YES;
				GCC_WARN_UNINITIALIZED_AUTOS = YES_AGGRESSIVE;
				GCC_WARN_UNUSED_FUNCTION = YES;
				GCC_WARN_UNUSED_VARIABLE = YES;
				IPHONEOS_DEPLOYMENT_TARGET = 14.3;
				MTL_ENABLE_DEBUG_INFO = INCLUDE_SOURCE;
				MTL_FAST_MATH = YES;
				ONLY_ACTIVE_ARCH = YES;
				SDKROOT = iphoneos;
				SWIFT_ACTIVE_COMPILATION_CONDITIONS = DEBUG;
				SWIFT_OPTIMIZATION_LEVEL = "-Onone";
			};
			name = Debug;
		};
		8649F579259DCB020011D907 /* Release */ = {
			isa = XCBuildConfiguration;
			buildSettings = {
				ALWAYS_SEARCH_USER_PATHS = NO;
				CLANG_ANALYZER_NONNULL = YES;
				CLANG_ANALYZER_NUMBER_OBJECT_CONVERSION = YES_AGGRESSIVE;
				CLANG_CXX_LANGUAGE_STANDARD = "gnu++14";
				CLANG_CXX_LIBRARY = "libc++";
				CLANG_ENABLE_MODULES = YES;
				CLANG_ENABLE_OBJC_ARC = YES;
				CLANG_ENABLE_OBJC_WEAK = YES;
				CLANG_WARN_BLOCK_CAPTURE_AUTORELEASING = YES;
				CLANG_WARN_BOOL_CONVERSION = YES;
				CLANG_WARN_COMMA = YES;
				CLANG_WARN_CONSTANT_CONVERSION = YES;
				CLANG_WARN_DEPRECATED_OBJC_IMPLEMENTATIONS = YES;
				CLANG_WARN_DIRECT_OBJC_ISA_USAGE = YES_ERROR;
				CLANG_WARN_DOCUMENTATION_COMMENTS = YES;
				CLANG_WARN_EMPTY_BODY = YES;
				CLANG_WARN_ENUM_CONVERSION = YES;
				CLANG_WARN_INFINITE_RECURSION = YES;
				CLANG_WARN_INT_CONVERSION = YES;
				CLANG_WARN_NON_LITERAL_NULL_CONVERSION = YES;
				CLANG_WARN_OBJC_IMPLICIT_RETAIN_SELF = YES;
				CLANG_WARN_OBJC_LITERAL_CONVERSION = YES;
				CLANG_WARN_OBJC_ROOT_CLASS = YES_ERROR;
				CLANG_WARN_QUOTED_INCLUDE_IN_FRAMEWORK_HEADER = YES;
				CLANG_WARN_RANGE_LOOP_ANALYSIS = YES;
				CLANG_WARN_STRICT_PROTOTYPES = YES;
				CLANG_WARN_SUSPICIOUS_MOVE = YES;
				CLANG_WARN_UNGUARDED_AVAILABILITY = YES_AGGRESSIVE;
				CLANG_WARN_UNREACHABLE_CODE = YES;
				CLANG_WARN__DUPLICATE_METHOD_MATCH = YES;
				COPY_PHASE_STRIP = NO;
				DEBUG_INFORMATION_FORMAT = "dwarf-with-dsym";
				ENABLE_NS_ASSERTIONS = NO;
				ENABLE_STRICT_OBJC_MSGSEND = YES;
				GCC_C_LANGUAGE_STANDARD = gnu11;
				GCC_NO_COMMON_BLOCKS = YES;
				GCC_WARN_64_TO_32_BIT_CONVERSION = YES;
				GCC_WARN_ABOUT_RETURN_TYPE = YES_ERROR;
				GCC_WARN_UNDECLARED_SELECTOR = YES;
				GCC_WARN_UNINITIALIZED_AUTOS = YES_AGGRESSIVE;
				GCC_WARN_UNUSED_FUNCTION = YES;
				GCC_WARN_UNUSED_VARIABLE = YES;
				IPHONEOS_DEPLOYMENT_TARGET = 14.3;
				MTL_ENABLE_DEBUG_INFO = NO;
				MTL_FAST_MATH = YES;
				SDKROOT = iphoneos;
				SWIFT_COMPILATION_MODE = wholemodule;
				SWIFT_OPTIMIZATION_LEVEL = "-O";
				VALIDATE_PRODUCT = YES;
			};
			name = Release;
		};
		8649F57B259DCB020011D907 /* Debug */ = {
			isa = XCBuildConfiguration;
			buildSettings = {
				ASSETCATALOG_COMPILER_APPICON_NAME = AppIcon;
				ASSETCATALOG_COMPILER_GLOBAL_ACCENT_COLOR_NAME = AccentColor;
				CODE_SIGN_STYLE = Automatic;
				INFOPLIST_FILE = exercise_2.3/Info.plist;
				LD_RUNPATH_SEARCH_PATHS = (
					"$(inherited)",
					"@executable_path/Frameworks",
				);
				PRODUCT_BUNDLE_IDENTIFIER = "-65scores.exercise-2-3";
				PRODUCT_NAME = "$(TARGET_NAME)";
				SWIFT_VERSION = 5.0;
				TARGETED_DEVICE_FAMILY = "1,2";
			};
			name = Debug;
		};
		8649F57C259DCB020011D907 /* Release */ = {
			isa = XCBuildConfiguration;
			buildSettings = {
				ASSETCATALOG_COMPILER_APPICON_NAME = AppIcon;
				ASSETCATALOG_COMPILER_GLOBAL_ACCENT_COLOR_NAME = AccentColor;
				CODE_SIGN_STYLE = Automatic;
				INFOPLIST_FILE = exercise_2.3/Info.plist;
				LD_RUNPATH_SEARCH_PATHS = (
					"$(inherited)",
					"@executable_path/Frameworks",
				);
				PRODUCT_BUNDLE_IDENTIFIER = "-65scores.exercise-2-3";
				PRODUCT_NAME = "$(TARGET_NAME)";
				SWIFT_VERSION = 5.0;
				TARGETED_DEVICE_FAMILY = "1,2";
			};
			name = Release;
		};
		8649F57E259DCB020011D907 /* Debug */ = {
			isa = XCBuildConfiguration;
			buildSettings = {
				ALWAYS_EMBED_SWIFT_STANDARD_LIBRARIES = YES;
				BUNDLE_LOADER = "$(TEST_HOST)";
				CODE_SIGN_STYLE = Automatic;
				INFOPLIST_FILE = exercise_2.3Tests/Info.plist;
				IPHONEOS_DEPLOYMENT_TARGET = 14.3;
				LD_RUNPATH_SEARCH_PATHS = (
					"$(inherited)",
					"@executable_path/Frameworks",
					"@loader_path/Frameworks",
				);
				PRODUCT_BUNDLE_IDENTIFIER = "-65scores.exercise-2-3Tests";
				PRODUCT_NAME = "$(TARGET_NAME)";
				SWIFT_VERSION = 5.0;
				TARGETED_DEVICE_FAMILY = "1,2";
				TEST_HOST = "$(BUILT_PRODUCTS_DIR)/exercise_2.3.app/exercise_2.3";
			};
			name = Debug;
		};
		8649F57F259DCB020011D907 /* Release */ = {
			isa = XCBuildConfiguration;
			buildSettings = {
				ALWAYS_EMBED_SWIFT_STANDARD_LIBRARIES = YES;
				BUNDLE_LOADER = "$(TEST_HOST)";
				CODE_SIGN_STYLE = Automatic;
				INFOPLIST_FILE = exercise_2.3Tests/Info.plist;
				IPHONEOS_DEPLOYMENT_TARGET = 14.3;
				LD_RUNPATH_SEARCH_PATHS = (
					"$(inherited)",
					"@executable_path/Frameworks",
					"@loader_path/Frameworks",
				);
				PRODUCT_BUNDLE_IDENTIFIER = "-65scores.exercise-2-3Tests";
				PRODUCT_NAME = "$(TARGET_NAME)";
				SWIFT_VERSION = 5.0;
				TARGETED_DEVICE_FAMILY = "1,2";
				TEST_HOST = "$(BUILT_PRODUCTS_DIR)/exercise_2.3.app/exercise_2.3";
			};
			name = Release;
		};
		8649F581259DCB020011D907 /* Debug */ = {
			isa = XCBuildConfiguration;
			buildSettings = {
				ALWAYS_EMBED_SWIFT_STANDARD_LIBRARIES = YES;
				CODE_SIGN_STYLE = Automatic;
				INFOPLIST_FILE = exercise_2.3UITests/Info.plist;
				LD_RUNPATH_SEARCH_PATHS = (
					"$(inherited)",
					"@executable_path/Frameworks",
					"@loader_path/Frameworks",
				);
				PRODUCT_BUNDLE_IDENTIFIER = "-65scores.exercise-2-3UITests";
				PRODUCT_NAME = "$(TARGET_NAME)";
				SWIFT_VERSION = 5.0;
				TARGETED_DEVICE_FAMILY = "1,2";
				TEST_TARGET_NAME = exercise_2.3;
			};
			name = Debug;
		};
		8649F582259DCB020011D907 /* Release */ = {
			isa = XCBuildConfiguration;
			buildSettings = {
				ALWAYS_EMBED_SWIFT_STANDARD_LIBRARIES = YES;
				CODE_SIGN_STYLE = Automatic;
				INFOPLIST_FILE = exercise_2.3UITests/Info.plist;
				LD_RUNPATH_SEARCH_PATHS = (
					"$(inherited)",
					"@executable_path/Frameworks",
					"@loader_path/Frameworks",
				);
				PRODUCT_BUNDLE_IDENTIFIER = "-65scores.exercise-2-3UITests";
				PRODUCT_NAME = "$(TARGET_NAME)";
				SWIFT_VERSION = 5.0;
				TARGETED_DEVICE_FAMILY = "1,2";
				TEST_TARGET_NAME = exercise_2.3;
			};
			name = Release;
		};
/* End XCBuildConfiguration section */

/* Begin XCConfigurationList section */
		8649F54B259DCB000011D907 /* Build configuration list for PBXProject "exercise_2.3" */ = {
			isa = XCConfigurationList;
			buildConfigurations = (
				8649F578259DCB020011D907 /* Debug */,
				8649F579259DCB020011D907 /* Release */,
			);
			defaultConfigurationIsVisible = 0;
			defaultConfigurationName = Release;
		};
		8649F57A259DCB020011D907 /* Build configuration list for PBXNativeTarget "exercise_2.3" */ = {
			isa = XCConfigurationList;
			buildConfigurations = (
				8649F57B259DCB020011D907 /* Debug */,
				8649F57C259DCB020011D907 /* Release */,
			);
			defaultConfigurationIsVisible = 0;
			defaultConfigurationName = Release;
		};
		8649F57D259DCB020011D907 /* Build configuration list for PBXNativeTarget "exercise_2.3Tests" */ = {
			isa = XCConfigurationList;
			buildConfigurations = (
				8649F57E259DCB020011D907 /* Debug */,
				8649F57F259DCB020011D907 /* Release */,
			);
			defaultConfigurationIsVisible = 0;
			defaultConfigurationName = Release;
		};
		8649F580259DCB020011D907 /* Build configuration list for PBXNativeTarget "exercise_2.3UITests" */ = {
			isa = XCConfigurationList;
			buildConfigurations = (
				8649F581259DCB020011D907 /* Debug */,
				8649F582259DCB020011D907 /* Release */,
			);
			defaultConfigurationIsVisible = 0;
			defaultConfigurationName = Release;
		};
/* End XCConfigurationList section */
	};
	rootObject = 8649F548259DCB000011D907 /* Project object */;
}
